Microsoft Visual Studio Solution File, Format Version 9.00
# Visual Studio 2005
Project("{FAE04EC0-301F-11D3-BF4B-00C04F79EFBC}") = "Engine", "Engine\Engine.csproj", "{59733546-6EA8-47C8-8C10-CEB150231C7E}"
EndProject
Project("{FAE04EC0-301F-11D3-BF4B-00C04F79EFBC}") = "Security", "Security\Security.csproj", "{5C4DD055-E72E-4D66-BA32-7886E4D79048}"
EndProject
Project("{FAE04EC0-301F-11D3-BF4B-00C04F79EFBC}") = "XMLUtilities", "XMLSettings\XMLUtilities.csproj", "{B9389515-2459-4BE6-A8DC-F17BCD911BF1}"
EndProject
Project("{FAE04EC0-301F-11D3-BF4B-00C04F79EFBC}") = "TSN.ERP.GUIManagement", "GUIManagement\TSN.ERP.GUIManagement.csproj", "{00F01AE1-4659-4CDA-A775-4216249C2FAE}"
EndProject
Project("{FAE04EC0-301F-11D3-BF4B-00C04F79EFBC}") = "TSN.ERP.SharedComponents.Data", "TSN.ERP.SharedComponents.Data\TSN.ERP.SharedComponents.Data.csproj", "{53791A16-4DD9-4BC0-BDAD-FA77404DE468}"
EndProject
Project("{FAE04EC0-301F-11D3-BF4B-00C04F79EFBC}") = "Timing", "Timing\Timing.csproj", "{B37F590D-94BB-47F7-BED2-2A2552D877F4}"
EndProject
Project("{FAE04EC0-301F-11D3-BF4B-00C04F79EFBC}") = "TSN.ERP.SharedComponents", "SharedComponents\TSN.ERP.SharedComponents.csproj", "{CED62527-B223-497C-8ED9-61306ACC1B7B}"
EndProject
Project("{FAE04EC0-301F-11D3-BF4B-00C04F79EFBC}") = "TSN.ERP.Reporting", "Reporting\TSN.ERP.Reporting.csproj", "{77D1A49B-6D7F-43C3-8F6E-1EF15E9C56AE}"
EndProject
Global
	GlobalSection(TeamFoundationVersionControl) = preSolution
		SccNumberOfProjects = 9
		SccEnterpriseProvider = {4CA58AB2-18FA-4F8D-95D4-32DDF27D184C}
		SccTeamFoundationServer = http://misserver1:8080/tfs/defaultcollection
		SccLocalPath0 = .
		SccProjectUniqueName1 = Engine\\Engine.csproj
		SccProjectName1 = Engine
		SccLocalPath1 = Engine
		SccProjectUniqueName2 = GUIManagement\\TSN.ERP.GUIManagement.csproj
		SccProjectName2 = GUIManagement
		SccLocalPath2 = GUIManagement
		SccProjectUniqueName3 = Reporting\\TSN.ERP.Reporting.csproj
		SccProjectName3 = Reporting
		SccLocalPath3 = Reporting
		SccProjectUniqueName4 = Security\\Security.csproj
		SccProjectName4 = Security
		SccLocalPath4 = Security
		SccProjectUniqueName5 = SharedComponents\\TSN.ERP.SharedComponents.csproj
		SccProjectName5 = SharedComponents
		SccLocalPath5 = SharedComponents
		SccProjectUniqueName6 = Timing\\Timing.csproj
		SccProjectName6 = Timing
		SccLocalPath6 = Timing
		SccProjectUniqueName7 = TSN.ERP.SharedComponents.Data\\TSN.ERP.SharedComponents.Data.csproj
		SccProjectName7 = TSN.ERP.SharedComponents.Data
		SccLocalPath7 = TSN.ERP.SharedComponents.Data
		SccProjectUniqueName8 = XMLSettings\\XMLUtilities.csproj
		SccProjectName8 = XMLSettings
		SccLocalPath8 = XMLSettings
	EndGlobalSection
	GlobalSection(SolutionConfigurationPlatforms) = preSolution
		Debug|Any CPU = Debug|Any CPU
		Half|Any CPU = Half|Any CPU
		Release|Any CPU = Release|Any CPU
	EndGlobalSection
	GlobalSection(ProjectConfigurationPlatforms) = postSolution
		{59733546-6EA8-47C8-8C10-CEB150231C7E}.Debug|Any CPU.ActiveCfg = Debug|Any CPU
		{59733546-6EA8-47C8-8C10-CEB150231C7E}.Debug|Any CPU.Build.0 = Debug|Any CPU
		{59733546-6EA8-47C8-8C10-CEB150231C7E}.Half|Any CPU.ActiveCfg = Release|Any CPU
		{59733546-6EA8-47C8-8C10-CEB150231C7E}.Half|Any CPU.Build.0 = Release|Any CPU
		{59733546-6EA8-47C8-8C10-CEB150231C7E}.Release|Any CPU.ActiveCfg = Debug|Any CPU
		{59733546-6EA8-47C8-8C10-CEB150231C7E}.Release|Any CPU.Build.0 = Debug|Any CPU
		{5C4DD055-E72E-4D66-BA32-7886E4D79048}.Debug|Any CPU.ActiveCfg = Debug|Any CPU
		{5C4DD055-E72E-4D66-BA32-7886E4D79048}.Debug|Any CPU.Build.0 = Debug|Any CPU
		{5C4DD055-E72E-4D66-BA32-7886E4D79048}.Half|Any CPU.ActiveCfg = Release|Any CPU
		{5C4DD055-E72E-4D66-BA32-7886E4D79048}.Half|Any CPU.Build.0 = Release|Any CPU
		{5C4DD055-E72E-4D66-BA32-7886E4D79048}.Release|Any CPU.ActiveCfg = Release|Any CPU
		{5C4DD055-E72E-4D66-BA32-7886E4D79048}.Release|Any CPU.Build.0 = Release|Any CPU
		{B9389515-2459-4BE6-A8DC-F17BCD911BF1}.Debug|Any CPU.ActiveCfg = Debug|Any CPU
		{B9389515-2459-4BE6-A8DC-F17BCD911BF1}.Debug|Any CPU.Build.0 = Debug|Any CPU
		{B9389515-2459-4BE6-A8DC-F17BCD911BF1}.Half|Any CPU.ActiveCfg = Release|Any CPU
		{B9389515-2459-4BE6-A8DC-F17BCD911BF1}.Half|Any CPU.Build.0 = Release|Any CPU
		{B9389515-2459-4BE6-A8DC-F17BCD911BF1}.Release|Any CPU.ActiveCfg = Release|Any CPU
		{B9389515-2459-4BE6-A8DC-F17BCD911BF1}.Release|Any CPU.Build.0 = Release|Any CPU
		{00F01AE1-4659-4CDA-A775-4216249C2FAE}.Debug|Any CPU.ActiveCfg = Debug|Any CPU
		{00F01AE1-4659-4CDA-A775-4216249C2FAE}.Debug|Any CPU.Build.0 = Debug|Any CPU
		{00F01AE1-4659-4CDA-A775-4216249C2FAE}.Half|Any CPU.ActiveCfg = Release|Any CPU
		{00F01AE1-4659-4CDA-A775-4216249C2FAE}.Half|Any CPU.Build.0 = Release|Any CPU
		{00F01AE1-4659-4CDA-A775-4216249C2FAE}.Release|Any CPU.ActiveCfg = Release|Any CPU
		{00F01AE1-4659-4CDA-A775-4216249C2FAE}.Release|Any CPU.Build.0 = Release|Any CPU
		{53791A16-4DD9-4BC0-BDAD-FA77404DE468}.Debug|Any CPU.ActiveCfg = Debug|Any CPU
		{53791A16-4DD9-4BC0-BDAD-FA77404DE468}.Debug|Any CPU.Build.0 = Debug|Any CPU
		{53791A16-4DD9-4BC0-BDAD-FA77404DE468}.Half|Any CPU.ActiveCfg = Release|Any CPU
		{53791A16-4DD9-4BC0-BDAD-FA77404DE468}.Half|Any CPU.Build.0 = Release|Any CPU
		{53791A16-4DD9-4BC0-BDAD-FA77404DE468}.Release|Any CPU.ActiveCfg = Release|Any CPU
		{53791A16-4DD9-4BC0-BDAD-FA77404DE468}.Release|Any CPU.Build.0 = Release|Any CPU
		{B37F590D-94BB-47F7-BED2-2A2552D877F4}.Debug|Any CPU.ActiveCfg = Debug|Any CPU
		{B37F590D-94BB-47F7-BED2-2A2552D877F4}.Debug|Any CPU.Build.0 = Debug|Any CPU
		{B37F590D-94BB-47F7-BED2-2A2552D877F4}.Half|Any CPU.ActiveCfg = Release|Any CPU
		{B37F590D-94BB-47F7-BED2-2A2552D877F4}.Half|Any CPU.Build.0 = Release|Any CPU
		{B37F590D-94BB-47F7-BED2-2A2552D877F4}.Release|Any CPU.ActiveCfg = Release|Any CPU
		{B37F590D-94BB-47F7-BED2-2A2552D877F4}.Release|Any CPU.Build.0 = Release|Any CPU
		{CED62527-B223-497C-8ED9-61306ACC1B7B}.Debug|Any CPU.ActiveCfg = Debug|Any CPU
		{CED62527-B223-497C-8ED9-61306ACC1B7B}.Debug|Any CPU.Build.0 = Debug|Any CPU
		{CED62527-B223-497C-8ED9-61306ACC1B7B}.Half|Any CPU.ActiveCfg = Half|Any CPU
		{CED62527-B223-497C-8ED9-61306ACC1B7B}.Half|Any CPU.Build.0 = Half|Any CPU
		{CED62527-B223-497C-8ED9-61306ACC1B7B}.Release|Any CPU.ActiveCfg = Debug|Any CPU
		{CED62527-B223-497C-8ED9-61306ACC1B7B}.Release|Any CPU.Build.0 = Debug|Any CPU
		{77D1A49B-6D7F-43C3-8F6E-1EF15E9C56AE}.Debug|Any CPU.ActiveCfg = Debug|Any CPU
		{77D1A49B-6D7F-43C3-8F6E-1EF15E9C56AE}.Debug|Any CPU.Build.0 = Debug|Any CPU
		{77D1A49B-6D7F-43C3-8F6E-1EF15E9C56AE}.Half|Any CPU.ActiveCfg = Release|Any CPU
		{77D1A49B-6D7F-43C3-8F6E-1EF15E9C56AE}.Half|Any CPU.Build.0 = Release|Any CPU
		{77D1A49B-6D7F-43C3-8F6E-1EF15E9C56AE}.Release|Any CPU.ActiveCfg = Release|Any CPU
		{77D1A49B-6D7F-43C3-8F6E-1EF15E9C56AE}.Release|Any CPU.Build.0 = Release|Any CPU
	EndGlobalSection
	GlobalSection(SolutionProperties) = preSolution
		HideSolutionNode = FALSE
	EndGlobalSection
EndGlobal
