
Microsoft Visual Studio Solution File, Format Version 11.00
# Visual Studio 2010
Project("{FAE04EC0-301F-11D3-BF4B-00C04F79EFBC}") = "CRMGizmo", "CRMGizmo\CRMGizmo.csproj", "{D8ADB7C0-6D0F-49EA-A12F-7E5A09A128BD}"
	ProjectSection(ProjectDependencies) = postProject
		{ABA00B9A-24C1-4F91-9D36-CE2657F1911D} = {ABA00B9A-24C1-4F91-9D36-CE2657F1911D}
	EndProjectSection
EndProject
Project("{FAE04EC0-301F-11D3-BF4B-00C04F79EFBC}") = "RoutingService", "RoutingService\RoutingService.csproj", "{ABA00B9A-24C1-4F91-9D36-CE2657F1911D}"
EndProject
Project("{54435603-DBB4-11D2-8724-00A0C9A8B90C}") = "CRMGizmoSetup", "CRMGizmoSetup\CRMGizmoSetup.vdproj", "{DDA0B6CF-A35C-4B63-89D6-904D9DACD9E7}"
EndProject
Project("{2150E333-8FDC-42A3-9474-1A3956D46DE8}") = "Solution Items", "Solution Items", "{4F53DB2E-ACF4-4EB3-9EF5-DC596D32050A}"
	ProjectSection(SolutionItems) = preProject
		SqlQuery_build60.sql = SqlQuery_build60.sql
		SqlQuery_Build61.sql = SqlQuery_Build61.sql
		SqlQuery_Build62.sql = SqlQuery_Build62.sql
		SqlQuery_Build63.sql = SqlQuery_Build63.sql
		SqlQuery_Build64.sql = SqlQuery_Build64.sql
		SqlQuery_Build65.sql = SqlQuery_Build65.sql
		SqlQuery_Build66.sql = SqlQuery_Build66.sql
		SqlQuery_Build67.sql = SqlQuery_Build67.sql
		SqlQuery_Build68.sql = SqlQuery_Build68.sql
		SqlQuery_Build69.sql = SqlQuery_Build69.sql
		SqlQuery_Build70.sql = SqlQuery_Build70.sql
		SqlQuery_Build71.sql = SqlQuery_Build71.sql
		SqlQuery_Build72.sql = SqlQuery_Build72.sql
		SqlQuery_Build74.sql = SqlQuery_Build74.sql
	EndProjectSection
EndProject
Project("{FAE04EC0-301F-11D3-BF4B-00C04F79EFBC}") = "ASI.Office.CRM", "ASI.Office.CRM\ASI.Office.CRM.csproj", "{F55DA7EE-B69E-4C93-957A-0FEF560E8DD7}"
EndProject
Global
	GlobalSection(TeamFoundationVersionControl) = preSolution
		SccNumberOfProjects = 5
		SccEnterpriseProvider = {4CA58AB2-18FA-4F8D-95D4-32DDF27D184C}
		SccTeamFoundationServer = http://misserver1:8080/tfs/defaultcollection
		SccLocalPath0 = .
		SccProjectUniqueName1 = CRMGizmo\\CRMGizmo.csproj
		SccProjectName1 = CRMGizmo
		SccLocalPath1 = CRMGizmo
		SccProjectUniqueName2 = RoutingService\\RoutingService.csproj
		SccProjectName2 = RoutingService
		SccLocalPath2 = RoutingService
		SccProjectUniqueName3 = CRMGizmoSetup\\CRMGizmoSetup.vdproj
		SccProjectName3 = CRMGizmoSetup
		SccLocalPath3 = CRMGizmoSetup
		SccProjectUniqueName4 = ASI.Office.CRM\\ASI.Office.CRM.csproj
		SccProjectName4 = ASI.Office.CRM
		SccLocalPath4 = ASI.Office.CRM
	EndGlobalSection
	GlobalSection(SolutionConfigurationPlatforms) = preSolution
		Debug|.NET = Debug|.NET
		Debug|Any CPU = Debug|Any CPU
		Debug|Mixed Platforms = Debug|Mixed Platforms
		Debug|x86 = Debug|x86
		Release|.NET = Release|.NET
		Release|Any CPU = Release|Any CPU
		Release|Mixed Platforms = Release|Mixed Platforms
		Release|x86 = Release|x86
	EndGlobalSection
	GlobalSection(ProjectConfigurationPlatforms) = postSolution
		{D8ADB7C0-6D0F-49EA-A12F-7E5A09A128BD}.Debug|.NET.ActiveCfg = Debug|x86
		{D8ADB7C0-6D0F-49EA-A12F-7E5A09A128BD}.Debug|Any CPU.ActiveCfg = Debug|x86
		{D8ADB7C0-6D0F-49EA-A12F-7E5A09A128BD}.Debug|Mixed Platforms.ActiveCfg = Debug|x86
		{D8ADB7C0-6D0F-49EA-A12F-7E5A09A128BD}.Debug|x86.ActiveCfg = Debug|x86
		{D8ADB7C0-6D0F-49EA-A12F-7E5A09A128BD}.Debug|x86.Build.0 = Debug|x86
		{D8ADB7C0-6D0F-49EA-A12F-7E5A09A128BD}.Release|.NET.ActiveCfg = Release|x86
		{D8ADB7C0-6D0F-49EA-A12F-7E5A09A128BD}.Release|Any CPU.ActiveCfg = Release|x86
		{D8ADB7C0-6D0F-49EA-A12F-7E5A09A128BD}.Release|Mixed Platforms.ActiveCfg = Release|x86
		{D8ADB7C0-6D0F-49EA-A12F-7E5A09A128BD}.Release|x86.ActiveCfg = Release|x86
		{D8ADB7C0-6D0F-49EA-A12F-7E5A09A128BD}.Release|x86.Build.0 = Release|x86
		{ABA00B9A-24C1-4F91-9D36-CE2657F1911D}.Debug|.NET.ActiveCfg = Debug|Any CPU
		{ABA00B9A-24C1-4F91-9D36-CE2657F1911D}.Debug|Any CPU.ActiveCfg = Debug|Any CPU
		{ABA00B9A-24C1-4F91-9D36-CE2657F1911D}.Debug|Any CPU.Build.0 = Debug|Any CPU
		{ABA00B9A-24C1-4F91-9D36-CE2657F1911D}.Debug|Mixed Platforms.ActiveCfg = Debug|Any CPU
		{ABA00B9A-24C1-4F91-9D36-CE2657F1911D}.Debug|x86.ActiveCfg = Debug|Any CPU
		{ABA00B9A-24C1-4F91-9D36-CE2657F1911D}.Release|.NET.ActiveCfg = Release|Any CPU
		{ABA00B9A-24C1-4F91-9D36-CE2657F1911D}.Release|Any CPU.ActiveCfg = Release|Any CPU
		{ABA00B9A-24C1-4F91-9D36-CE2657F1911D}.Release|Any CPU.Build.0 = Release|Any CPU
		{ABA00B9A-24C1-4F91-9D36-CE2657F1911D}.Release|Mixed Platforms.ActiveCfg = Release|Any CPU
		{ABA00B9A-24C1-4F91-9D36-CE2657F1911D}.Release|x86.ActiveCfg = Release|Any CPU
		{DDA0B6CF-A35C-4B63-89D6-904D9DACD9E7}.Debug|.NET.ActiveCfg = Debug
		{DDA0B6CF-A35C-4B63-89D6-904D9DACD9E7}.Debug|Any CPU.ActiveCfg = Debug
		{DDA0B6CF-A35C-4B63-89D6-904D9DACD9E7}.Debug|Mixed Platforms.ActiveCfg = Debug
		{DDA0B6CF-A35C-4B63-89D6-904D9DACD9E7}.Debug|x86.ActiveCfg = Debug
		{DDA0B6CF-A35C-4B63-89D6-904D9DACD9E7}.Release|.NET.ActiveCfg = Release
		{DDA0B6CF-A35C-4B63-89D6-904D9DACD9E7}.Release|Any CPU.ActiveCfg = Release
		{DDA0B6CF-A35C-4B63-89D6-904D9DACD9E7}.Release|Mixed Platforms.ActiveCfg = Release
		{DDA0B6CF-A35C-4B63-89D6-904D9DACD9E7}.Release|x86.ActiveCfg = Release
		{F55DA7EE-B69E-4C93-957A-0FEF560E8DD7}.Debug|.NET.ActiveCfg = Debug|Any CPU
		{F55DA7EE-B69E-4C93-957A-0FEF560E8DD7}.Debug|Any CPU.ActiveCfg = Debug|Any CPU
		{F55DA7EE-B69E-4C93-957A-0FEF560E8DD7}.Debug|Any CPU.Build.0 = Debug|Any CPU
		{F55DA7EE-B69E-4C93-957A-0FEF560E8DD7}.Debug|Mixed Platforms.ActiveCfg = Debug|Any CPU
		{F55DA7EE-B69E-4C93-957A-0FEF560E8DD7}.Debug|Mixed Platforms.Build.0 = Debug|Any CPU
		{F55DA7EE-B69E-4C93-957A-0FEF560E8DD7}.Debug|x86.ActiveCfg = Debug|Any CPU
		{F55DA7EE-B69E-4C93-957A-0FEF560E8DD7}.Release|.NET.ActiveCfg = Release|Any CPU
		{F55DA7EE-B69E-4C93-957A-0FEF560E8DD7}.Release|Any CPU.ActiveCfg = Release|Any CPU
		{F55DA7EE-B69E-4C93-957A-0FEF560E8DD7}.Release|Any CPU.Build.0 = Release|Any CPU
		{F55DA7EE-B69E-4C93-957A-0FEF560E8DD7}.Release|Mixed Platforms.ActiveCfg = Release|Any CPU
		{F55DA7EE-B69E-4C93-957A-0FEF560E8DD7}.Release|Mixed Platforms.Build.0 = Release|Any CPU
		{F55DA7EE-B69E-4C93-957A-0FEF560E8DD7}.Release|x86.ActiveCfg = Release|Any CPU
	EndGlobalSection
	GlobalSection(SolutionProperties) = preSolution
		HideSolutionNode = FALSE
	EndGlobalSection
EndGlobal
