
Microsoft Visual Studio Solution File, Format Version 11.00
# Visual Studio 2010
Project("{E24C65DC-7377-472B-9ABA-BC803B73C61A}") = "4A-Pharma", "4A-Pharma", "{38BD4BE2-332E-4B89-BB0B-0B62BC7179B1}"
	ProjectSection(WebsiteProperties) = preProject
		SccProjectName = "SAK"
		SccAuxPath = "SAK"
		SccLocalPath = "SAK"
		SccProvider = "SAK"
		TargetFrameworkMoniker = ".NETFramework,Version%3Dv2.0"
		Debug.AspNetCompiler.VirtualPath = "/BMD"
		Debug.AspNetCompiler.PhysicalPath = "4A-Pharma\"
		Debug.AspNetCompiler.TargetPath = "PrecompiledWeb\BMD\"
		Debug.AspNetCompiler.Updateable = "true"
		Debug.AspNetCompiler.ForceOverwrite = "true"
		Debug.AspNetCompiler.FixedNames = "false"
		Debug.AspNetCompiler.Debug = "True"
		Release.AspNetCompiler.VirtualPath = "/BMD"
		Release.AspNetCompiler.PhysicalPath = "4A-Pharma\"
		Release.AspNetCompiler.TargetPath = "PrecompiledWeb\BMD\"
		Release.AspNetCompiler.Updateable = "true"
		Release.AspNetCompiler.ForceOverwrite = "true"
		Release.AspNetCompiler.FixedNames = "false"
		Release.AspNetCompiler.Debug = "False"
		VWDPort = "5373"
	EndProjectSection
EndProject
Project("{54435603-DBB4-11D2-8724-00A0C9A8B90C}") = "SetupBMD", "SetupBMD\SetupBMD.vdproj", "{3F83E938-7AA4-4872-81DE-FCB4DB25B64B}"
EndProject
Project("{FAE04EC0-301F-11D3-BF4B-00C04F79EFBC}") = "DBInstaller", "DBInstaller\DBInstaller.csproj", "{AA3126DE-EF76-4B07-8643-0D305E4C5453}"
EndProject
Project("{FAE04EC0-301F-11D3-BF4B-00C04F79EFBC}") = "DBInstallerLib", "DBInstallerLib\DBInstallerLib.csproj", "{344A99A4-37EE-41D7-B8D8-CFB9438A99FF}"
EndProject
Project("{FAE04EC0-301F-11D3-BF4B-00C04F79EFBC}") = "ConnTest", "ConnTest\ConnTest.csproj", "{D3192211-AB54-4591-8ED1-5DFDD781904B}"
EndProject
Project("{FAE04EC0-301F-11D3-BF4B-00C04F79EFBC}") = "DBInstallerLibTest", "DBInstallerLibTest\DBInstallerLibTest.csproj", "{302C3828-FA14-4CE3-80F3-068DFF18DE40}"
EndProject
Global
	GlobalSection(TeamFoundationVersionControl) = preSolution
		SccNumberOfProjects = 7
		SccEnterpriseProvider = {4CA58AB2-18FA-4F8D-95D4-32DDF27D184C}
		SccTeamFoundationServer = http://misserver1:8080/tfs/defaultcollection
		SccLocalPath0 = .
		SccWebProject1 = true
		SccProjectUniqueName1 = 4A-Pharma
		SccProjectName1 = 4A-Pharma
		SccLocalPath1 = 4A-Pharma
		SccProjectEnlistmentChoice1 = 2
		SccProjectUniqueName2 = SetupBMD\\SetupBMD.vdproj
		SccProjectName2 = SetupBMD
		SccLocalPath2 = SetupBMD
		SccProjectUniqueName3 = DBInstaller\\DBInstaller.csproj
		SccProjectName3 = DBInstaller
		SccLocalPath3 = DBInstaller
		SccProjectUniqueName4 = DBInstallerLib\\DBInstallerLib.csproj
		SccProjectName4 = DBInstallerLib
		SccLocalPath4 = DBInstallerLib
		SccProjectUniqueName5 = ConnTest\\ConnTest.csproj
		SccProjectName5 = ConnTest
		SccLocalPath5 = ConnTest
		SccProjectUniqueName6 = DBInstallerLibTest\\DBInstallerLibTest.csproj
		SccProjectName6 = DBInstallerLibTest
		SccLocalPath6 = DBInstallerLibTest
	EndGlobalSection
	GlobalSection(SolutionConfigurationPlatforms) = preSolution
		Debug|.NET = Debug|.NET
		Debug|Any CPU = Debug|Any CPU
		Debug|Mixed Platforms = Debug|Mixed Platforms
		Debug|x86 = Debug|x86
		Development|.NET = Development|.NET
		Development|Any CPU = Development|Any CPU
		Development|Mixed Platforms = Development|Mixed Platforms
		Development|x86 = Development|x86
		Release|.NET = Release|.NET
		Release|Any CPU = Release|Any CPU
		Release|Mixed Platforms = Release|Mixed Platforms
		Release|x86 = Release|x86
	EndGlobalSection
	GlobalSection(ProjectConfigurationPlatforms) = postSolution
		{38BD4BE2-332E-4B89-BB0B-0B62BC7179B1}.Debug|.NET.ActiveCfg = Debug|.NET
		{38BD4BE2-332E-4B89-BB0B-0B62BC7179B1}.Debug|Any CPU.ActiveCfg = Debug|.NET
		{38BD4BE2-332E-4B89-BB0B-0B62BC7179B1}.Debug|Mixed Platforms.ActiveCfg = Debug|.NET
		{38BD4BE2-332E-4B89-BB0B-0B62BC7179B1}.Debug|Mixed Platforms.Build.0 = Debug|.NET
		{38BD4BE2-332E-4B89-BB0B-0B62BC7179B1}.Debug|x86.ActiveCfg = Debug|.NET
		{38BD4BE2-332E-4B89-BB0B-0B62BC7179B1}.Development|.NET.ActiveCfg = Debug|.NET
		{38BD4BE2-332E-4B89-BB0B-0B62BC7179B1}.Development|.NET.Build.0 = Debug|.NET
		{38BD4BE2-332E-4B89-BB0B-0B62BC7179B1}.Development|Any CPU.ActiveCfg = Debug|.NET
		{38BD4BE2-332E-4B89-BB0B-0B62BC7179B1}.Development|Mixed Platforms.ActiveCfg = Debug|.NET
		{38BD4BE2-332E-4B89-BB0B-0B62BC7179B1}.Development|Mixed Platforms.Build.0 = Debug|.NET
		{38BD4BE2-332E-4B89-BB0B-0B62BC7179B1}.Development|x86.ActiveCfg = Debug|.NET
		{38BD4BE2-332E-4B89-BB0B-0B62BC7179B1}.Release|.NET.ActiveCfg = Debug|.NET
		{38BD4BE2-332E-4B89-BB0B-0B62BC7179B1}.Release|.NET.Build.0 = Debug|.NET
		{38BD4BE2-332E-4B89-BB0B-0B62BC7179B1}.Release|Any CPU.ActiveCfg = Debug|.NET
		{38BD4BE2-332E-4B89-BB0B-0B62BC7179B1}.Release|Mixed Platforms.ActiveCfg = Debug|.NET
		{38BD4BE2-332E-4B89-BB0B-0B62BC7179B1}.Release|Mixed Platforms.Build.0 = Debug|.NET
		{38BD4BE2-332E-4B89-BB0B-0B62BC7179B1}.Release|x86.ActiveCfg = Debug|.NET
		{3F83E938-7AA4-4872-81DE-FCB4DB25B64B}.Debug|.NET.ActiveCfg = Debug
		{3F83E938-7AA4-4872-81DE-FCB4DB25B64B}.Debug|Any CPU.ActiveCfg = Debug
		{3F83E938-7AA4-4872-81DE-FCB4DB25B64B}.Debug|Any CPU.Build.0 = Debug
		{3F83E938-7AA4-4872-81DE-FCB4DB25B64B}.Debug|Mixed Platforms.ActiveCfg = Debug
		{3F83E938-7AA4-4872-81DE-FCB4DB25B64B}.Debug|Mixed Platforms.Build.0 = Debug
		{3F83E938-7AA4-4872-81DE-FCB4DB25B64B}.Debug|x86.ActiveCfg = Debug
		{3F83E938-7AA4-4872-81DE-FCB4DB25B64B}.Debug|x86.Build.0 = Debug
		{3F83E938-7AA4-4872-81DE-FCB4DB25B64B}.Development|.NET.ActiveCfg = Debug
		{3F83E938-7AA4-4872-81DE-FCB4DB25B64B}.Development|.NET.Build.0 = Debug
		{3F83E938-7AA4-4872-81DE-FCB4DB25B64B}.Development|Any CPU.ActiveCfg = Debug
		{3F83E938-7AA4-4872-81DE-FCB4DB25B64B}.Development|Any CPU.Build.0 = Debug
		{3F83E938-7AA4-4872-81DE-FCB4DB25B64B}.Development|Mixed Platforms.ActiveCfg = Debug
		{3F83E938-7AA4-4872-81DE-FCB4DB25B64B}.Development|Mixed Platforms.Build.0 = Debug
		{3F83E938-7AA4-4872-81DE-FCB4DB25B64B}.Development|x86.ActiveCfg = Debug
		{3F83E938-7AA4-4872-81DE-FCB4DB25B64B}.Development|x86.Build.0 = Debug
		{3F83E938-7AA4-4872-81DE-FCB4DB25B64B}.Release|.NET.ActiveCfg = Release
		{3F83E938-7AA4-4872-81DE-FCB4DB25B64B}.Release|.NET.Build.0 = Release
		{3F83E938-7AA4-4872-81DE-FCB4DB25B64B}.Release|Any CPU.ActiveCfg = Release
		{3F83E938-7AA4-4872-81DE-FCB4DB25B64B}.Release|Any CPU.Build.0 = Release
		{3F83E938-7AA4-4872-81DE-FCB4DB25B64B}.Release|Mixed Platforms.ActiveCfg = Release
		{3F83E938-7AA4-4872-81DE-FCB4DB25B64B}.Release|Mixed Platforms.Build.0 = Release
		{3F83E938-7AA4-4872-81DE-FCB4DB25B64B}.Release|x86.ActiveCfg = Release
		{3F83E938-7AA4-4872-81DE-FCB4DB25B64B}.Release|x86.Build.0 = Release
		{AA3126DE-EF76-4B07-8643-0D305E4C5453}.Debug|.NET.ActiveCfg = Debug|Any CPU
		{AA3126DE-EF76-4B07-8643-0D305E4C5453}.Debug|.NET.Build.0 = Debug|Any CPU
		{AA3126DE-EF76-4B07-8643-0D305E4C5453}.Debug|Any CPU.ActiveCfg = Debug|Any CPU
		{AA3126DE-EF76-4B07-8643-0D305E4C5453}.Debug|Any CPU.Build.0 = Debug|Any CPU
		{AA3126DE-EF76-4B07-8643-0D305E4C5453}.Debug|Mixed Platforms.ActiveCfg = Debug|Any CPU
		{AA3126DE-EF76-4B07-8643-0D305E4C5453}.Debug|Mixed Platforms.Build.0 = Debug|Any CPU
		{AA3126DE-EF76-4B07-8643-0D305E4C5453}.Debug|x86.ActiveCfg = Debug|Any CPU
		{AA3126DE-EF76-4B07-8643-0D305E4C5453}.Development|.NET.ActiveCfg = Debug|Any CPU
		{AA3126DE-EF76-4B07-8643-0D305E4C5453}.Development|Any CPU.ActiveCfg = Debug|Any CPU
		{AA3126DE-EF76-4B07-8643-0D305E4C5453}.Development|Any CPU.Build.0 = Debug|Any CPU
		{AA3126DE-EF76-4B07-8643-0D305E4C5453}.Development|Mixed Platforms.ActiveCfg = Debug|Any CPU
		{AA3126DE-EF76-4B07-8643-0D305E4C5453}.Development|Mixed Platforms.Build.0 = Debug|Any CPU
		{AA3126DE-EF76-4B07-8643-0D305E4C5453}.Development|x86.ActiveCfg = Debug|Any CPU
		{AA3126DE-EF76-4B07-8643-0D305E4C5453}.Release|.NET.ActiveCfg = Release|Any CPU
		{AA3126DE-EF76-4B07-8643-0D305E4C5453}.Release|Any CPU.ActiveCfg = Release|Any CPU
		{AA3126DE-EF76-4B07-8643-0D305E4C5453}.Release|Any CPU.Build.0 = Release|Any CPU
		{AA3126DE-EF76-4B07-8643-0D305E4C5453}.Release|Mixed Platforms.ActiveCfg = Release|Any CPU
		{AA3126DE-EF76-4B07-8643-0D305E4C5453}.Release|Mixed Platforms.Build.0 = Release|Any CPU
		{AA3126DE-EF76-4B07-8643-0D305E4C5453}.Release|x86.ActiveCfg = Release|Any CPU
		{344A99A4-37EE-41D7-B8D8-CFB9438A99FF}.Debug|.NET.ActiveCfg = Debug|Any CPU
		{344A99A4-37EE-41D7-B8D8-CFB9438A99FF}.Debug|Any CPU.ActiveCfg = Debug|Any CPU
		{344A99A4-37EE-41D7-B8D8-CFB9438A99FF}.Debug|Any CPU.Build.0 = Debug|Any CPU
		{344A99A4-37EE-41D7-B8D8-CFB9438A99FF}.Debug|Mixed Platforms.ActiveCfg = Debug|Any CPU
		{344A99A4-37EE-41D7-B8D8-CFB9438A99FF}.Debug|Mixed Platforms.Build.0 = Debug|Any CPU
		{344A99A4-37EE-41D7-B8D8-CFB9438A99FF}.Debug|x86.ActiveCfg = Debug|Any CPU
		{344A99A4-37EE-41D7-B8D8-CFB9438A99FF}.Development|.NET.ActiveCfg = Debug|Any CPU
		{344A99A4-37EE-41D7-B8D8-CFB9438A99FF}.Development|Any CPU.ActiveCfg = Debug|Any CPU
		{344A99A4-37EE-41D7-B8D8-CFB9438A99FF}.Development|Any CPU.Build.0 = Debug|Any CPU
		{344A99A4-37EE-41D7-B8D8-CFB9438A99FF}.Development|Mixed Platforms.ActiveCfg = Debug|Any CPU
		{344A99A4-37EE-41D7-B8D8-CFB9438A99FF}.Development|Mixed Platforms.Build.0 = Debug|Any CPU
		{344A99A4-37EE-41D7-B8D8-CFB9438A99FF}.Development|x86.ActiveCfg = Debug|Any CPU
		{344A99A4-37EE-41D7-B8D8-CFB9438A99FF}.Release|.NET.ActiveCfg = Release|Any CPU
		{344A99A4-37EE-41D7-B8D8-CFB9438A99FF}.Release|Any CPU.ActiveCfg = Release|Any CPU
		{344A99A4-37EE-41D7-B8D8-CFB9438A99FF}.Release|Any CPU.Build.0 = Release|Any CPU
		{344A99A4-37EE-41D7-B8D8-CFB9438A99FF}.Release|Mixed Platforms.ActiveCfg = Release|Any CPU
		{344A99A4-37EE-41D7-B8D8-CFB9438A99FF}.Release|Mixed Platforms.Build.0 = Release|Any CPU
		{344A99A4-37EE-41D7-B8D8-CFB9438A99FF}.Release|x86.ActiveCfg = Release|Any CPU
		{D3192211-AB54-4591-8ED1-5DFDD781904B}.Debug|.NET.ActiveCfg = Debug|x86
		{D3192211-AB54-4591-8ED1-5DFDD781904B}.Debug|Any CPU.ActiveCfg = Debug|x86
		{D3192211-AB54-4591-8ED1-5DFDD781904B}.Debug|Mixed Platforms.ActiveCfg = Debug|x86
		{D3192211-AB54-4591-8ED1-5DFDD781904B}.Debug|Mixed Platforms.Build.0 = Debug|x86
		{D3192211-AB54-4591-8ED1-5DFDD781904B}.Debug|x86.ActiveCfg = Debug|x86
		{D3192211-AB54-4591-8ED1-5DFDD781904B}.Debug|x86.Build.0 = Debug|x86
		{D3192211-AB54-4591-8ED1-5DFDD781904B}.Development|.NET.ActiveCfg = Debug|x86
		{D3192211-AB54-4591-8ED1-5DFDD781904B}.Development|Any CPU.ActiveCfg = Debug|x86
		{D3192211-AB54-4591-8ED1-5DFDD781904B}.Development|Mixed Platforms.ActiveCfg = Debug|x86
		{D3192211-AB54-4591-8ED1-5DFDD781904B}.Development|Mixed Platforms.Build.0 = Debug|x86
		{D3192211-AB54-4591-8ED1-5DFDD781904B}.Development|x86.ActiveCfg = Debug|x86
		{D3192211-AB54-4591-8ED1-5DFDD781904B}.Development|x86.Build.0 = Debug|x86
		{D3192211-AB54-4591-8ED1-5DFDD781904B}.Release|.NET.ActiveCfg = Release|x86
		{D3192211-AB54-4591-8ED1-5DFDD781904B}.Release|Any CPU.ActiveCfg = Release|x86
		{D3192211-AB54-4591-8ED1-5DFDD781904B}.Release|Mixed Platforms.ActiveCfg = Release|x86
		{D3192211-AB54-4591-8ED1-5DFDD781904B}.Release|Mixed Platforms.Build.0 = Release|x86
		{D3192211-AB54-4591-8ED1-5DFDD781904B}.Release|x86.ActiveCfg = Release|x86
		{D3192211-AB54-4591-8ED1-5DFDD781904B}.Release|x86.Build.0 = Release|x86
		{302C3828-FA14-4CE3-80F3-068DFF18DE40}.Debug|.NET.ActiveCfg = Debug|x86
		{302C3828-FA14-4CE3-80F3-068DFF18DE40}.Debug|Any CPU.ActiveCfg = Debug|x86
		{302C3828-FA14-4CE3-80F3-068DFF18DE40}.Debug|Mixed Platforms.ActiveCfg = Debug|x86
		{302C3828-FA14-4CE3-80F3-068DFF18DE40}.Debug|Mixed Platforms.Build.0 = Debug|x86
		{302C3828-FA14-4CE3-80F3-068DFF18DE40}.Debug|x86.ActiveCfg = Debug|x86
		{302C3828-FA14-4CE3-80F3-068DFF18DE40}.Debug|x86.Build.0 = Debug|x86
		{302C3828-FA14-4CE3-80F3-068DFF18DE40}.Development|.NET.ActiveCfg = Debug|x86
		{302C3828-FA14-4CE3-80F3-068DFF18DE40}.Development|Any CPU.ActiveCfg = Debug|x86
		{302C3828-FA14-4CE3-80F3-068DFF18DE40}.Development|Mixed Platforms.ActiveCfg = Debug|x86
		{302C3828-FA14-4CE3-80F3-068DFF18DE40}.Development|Mixed Platforms.Build.0 = Debug|x86
		{302C3828-FA14-4CE3-80F3-068DFF18DE40}.Development|x86.ActiveCfg = Debug|x86
		{302C3828-FA14-4CE3-80F3-068DFF18DE40}.Development|x86.Build.0 = Debug|x86
		{302C3828-FA14-4CE3-80F3-068DFF18DE40}.Release|.NET.ActiveCfg = Release|x86
		{302C3828-FA14-4CE3-80F3-068DFF18DE40}.Release|Any CPU.ActiveCfg = Release|x86
		{302C3828-FA14-4CE3-80F3-068DFF18DE40}.Release|Mixed Platforms.ActiveCfg = Release|x86
		{302C3828-FA14-4CE3-80F3-068DFF18DE40}.Release|Mixed Platforms.Build.0 = Release|x86
		{302C3828-FA14-4CE3-80F3-068DFF18DE40}.Release|x86.ActiveCfg = Release|x86
		{302C3828-FA14-4CE3-80F3-068DFF18DE40}.Release|x86.Build.0 = Release|x86
	EndGlobalSection
	GlobalSection(SolutionProperties) = preSolution
		HideSolutionNode = FALSE
	EndGlobalSection
EndGlobal
